
Microsoft Visual Studio Solution File, Format Version 12.00
# Visual Studio 15
VisualStudioVersion = 15.0.27703.2042
MinimumVisualStudioVersion = 10.0.40219.1
Project("{9A19103F-16F7-4668-BE54-9A1E7A4F7556}") = "StrengthSheets", "StrengthSheets\StrengthSheets.csproj", "{1559C9D9-B1FB-476A-9208-B7BE900F671C}"
EndProject
Project("{E53339B2-1760-4266-BCC7-CA923CBCF16C}") = "docker-compose", "docker-compose.dcproj", "{F52FB4E2-2D5B-4257-BFC9-43372B51A8CA}"
EndProject
Global
	GlobalSection(SolutionConfigurationPlatforms) = preSolution
		Debug|Any CPU = Debug|Any CPU
		Release|Any CPU = Release|Any CPU
	EndGlobalSection
	GlobalSection(ProjectConfigurationPlatforms) = postSolution
		{1559C9D9-B1FB-476A-9208-B7BE900F671C}.Debug|Any CPU.ActiveCfg = Debug|Any CPU
		{1559C9D9-B1FB-476A-9208-B7BE900F671C}.Debug|Any CPU.Build.0 = Debug|Any CPU
		{1559C9D9-B1FB-476A-9208-B7BE900F671C}.Release|Any CPU.ActiveCfg = Release|Any CPU
		{1559C9D9-B1FB-476A-9208-B7BE900F671C}.Release|Any CPU.Build.0 = Release|Any CPU
		{F52FB4E2-2D5B-4257-BFC9-43372B51A8CA}.Debug|Any CPU.ActiveCfg = Debug|Any CPU
		{F52FB4E2-2D5B-4257-BFC9-43372B51A8CA}.Debug|Any CPU.Build.0 = Debug|Any CPU
		{F52FB4E2-2D5B-4257-BFC9-43372B51A8CA}.Release|Any CPU.ActiveCfg = Release|Any CPU
		{F52FB4E2-2D5B-4257-BFC9-43372B51A8CA}.Release|Any CPU.Build.0 = Release|Any CPU
	EndGlobalSection
	GlobalSection(SolutionProperties) = preSolution
		HideSolutionNode = FALSE
	EndGlobalSection
	GlobalSection(ExtensibilityGlobals) = postSolution
		SolutionGuid = {6B92ECD1-D499-423F-B792-91864359E807}
	EndGlobalSection
EndGlobal
